
Microsoft Visual Studio Solution File, Format Version 11.00
# Visual Studio 2010
Project("{FAE04EC0-301F-11D3-BF4B-00C04F79EFBC}") = "OEEClient", "OEEClient.csproj", "{8DB5E941-6745-4A5A-B1F2-4E12DF54FB61}"
EndProject
Global
	GlobalSection(SolutionConfigurationPlatforms) = preSolution
		Debug|Any CPU = Debug|Any CPU
		Release|Any CPU = Release|Any CPU
	EndGlobalSection
	GlobalSection(ProjectConfigurationPlatforms) = postSolution
		{8DB5E941-6745-4A5A-B1F2-4E12DF54FB61}.Debug|Any CPU.ActiveCfg = Debug|Any CPU
		{8DB5E941-6745-4A5A-B1F2-4E12DF54FB61}.Debug|Any CPU.Build.0 = Debug|Any CPU
		{8DB5E941-6745-4A5A-B1F2-4E12DF54FB61}.Release|Any CPU.ActiveCfg = Release|Any CPU
		{8DB5E941-6745-4A5A-B1F2-4E12DF54FB61}.Release|Any CPU.Build.0 = Release|Any CPU
	EndGlobalSection
	GlobalSection(SolutionProperties) = preSolution
		HideSolutionNode = FALSE
	EndGlobalSection
EndGlobal
